// !$*UTF8*$!
{
	archiveVersion = 1;
	classes = {
	};
	objectVersion = 46;
	objects = {

/* Begin PBXBuildFile section */
		09093A671A72DEA800B46D8E /* ZLBalancedFlowLayout.swift in Sources */ = {isa = PBXBuildFile; fileRef = 09093A661A72DEA800B46D8E /* ZLBalancedFlowLayout.swift */; };
		091033EB1A4B6365000BB27C /* gray-langur-anand-india_86232_990x742.jpg in Resources */ = {isa = PBXBuildFile; fileRef = 091033E91A4B6365000BB27C /* gray-langur-anand-india_86232_990x742.jpg */; };
		091033EC1A4B6365000BB27C /* otter-running-united-kingdom_81118_990x742.jpg in Resources */ = {isa = PBXBuildFile; fileRef = 091033EA1A4B6365000BB27C /* otter-running-united-kingdom_81118_990x742.jpg */; };
		092B26631A4AD1C500302120 /* american-crocodile-caribbean-sea_82044_990x742.jpg in Resources */ = {isa = PBXBuildFile; fileRef = 092B26471A4AD1C500302120 /* american-crocodile-caribbean-sea_82044_990x742.jpg */; };
		092B26641A4AD1C500302120 /* atlantic-walrus-greenland-nicklen_75331_990x742.jpg in Resources */ = {isa = PBXBuildFile; fileRef = 092B26481A4AD1C500302120 /* atlantic-walrus-greenland-nicklen_75331_990x742.jpg */; };
		092B26651A4AD1C500302120 /* bald-eagles-birds-talons_86760_990x742.jpg in Resources */ = {isa = PBXBuildFile; fileRef = 092B26491A4AD1C500302120 /* bald-eagles-birds-talons_86760_990x742.jpg */; };
		092B26661A4AD1C500302120 /* bear-swimming-kamchatka-russia_82982_990x742.jpg in Resources */ = {isa = PBXBuildFile; fileRef = 092B264A1A4AD1C500302120 /* bear-swimming-kamchatka-russia_82982_990x742.jpg */; };
		092B26671A4AD1C500302120 /* brown-pelican-atlantic-musi_85704_990x742.jpg in Resources */ = {isa = PBXBuildFile; fileRef = 092B264B1A4AD1C500302120 /* brown-pelican-atlantic-musi_85704_990x742.jpg */; };
		092B26681A4AD1C500302120 /* camels-pushkar-fair-india_86225_990x742.jpg in Resources */ = {isa = PBXBuildFile; fileRef = 092B264C1A4AD1C500302120 /* camels-pushkar-fair-india_86225_990x742.jpg */; };
		092B26691A4AD1C500302120 /* cheetah-rest-south-africa_86226_990x742.jpg in Resources */ = {isa = PBXBuildFile; fileRef = 092B264D1A4AD1C500302120 /* cheetah-rest-south-africa_86226_990x742.jpg */; };
		092B266A1A4AD1C500302120 /* coppery-headed-emerald-hummingbird_83584_990x742.jpg in Resources */ = {isa = PBXBuildFile; fileRef = 092B264E1A4AD1C500302120 /* coppery-headed-emerald-hummingbird_83584_990x742.jpg */; };
		092B266B1A4AD1C500302120 /* deer-winter-snow-frost_82985_990x742.jpg in Resources */ = {isa = PBXBuildFile; fileRef = 092B264F1A4AD1C500302120 /* deer-winter-snow-frost_82985_990x742.jpg */; };
		092B266C1A4AD1C500302120 /* egret-fog-reflection_76312_990x742.jpg in Resources */ = {isa = PBXBuildFile; fileRef = 092B26501A4AD1C500302120 /* egret-fog-reflection_76312_990x742.jpg */; };
		092B266D1A4AD1C500302120 /* fur-seal-dive-peschak_85948_990x742.jpg in Resources */ = {isa = PBXBuildFile; fileRef = 092B26511A4AD1C500302120 /* fur-seal-dive-peschak_85948_990x742.jpg */; };
		092B266F1A4AD1C500302120 /* green-iguana-bonaire-caribbean_82430_990x742.jpg in Resources */ = {isa = PBXBuildFile; fileRef = 092B26531A4AD1C500302120 /* green-iguana-bonaire-caribbean_82430_990x742.jpg */; };
		092B26701A4AD1C500302120 /* green-turtle-tenerife_84734_990x742.jpg in Resources */ = {isa = PBXBuildFile; fileRef = 092B26541A4AD1C500302120 /* green-turtle-tenerife_84734_990x742.jpg */; };
		092B26711A4AD1C500302120 /* grizzly-bear-yukon-nicklen_75339_990x742.jpg in Resources */ = {isa = PBXBuildFile; fileRef = 092B26551A4AD1C500302120 /* grizzly-bear-yukon-nicklen_75339_990x742.jpg */; };
		092B26721A4AD1C500302120 /* gulls-mercury-island-namibia_85946_990x742.jpg in Resources */ = {isa = PBXBuildFile; fileRef = 092B26561A4AD1C500302120 /* gulls-mercury-island-namibia_85946_990x742.jpg */; };
		092B26731A4AD1C500302120 /* iceland-highlands-horses-stampede_86229_990x742.jpg in Resources */ = {isa = PBXBuildFile; fileRef = 092B26571A4AD1C500302120 /* iceland-highlands-horses-stampede_86229_990x742.jpg */; };
		092B26741A4AD1C500302120 /* impala-wildlife-delta-botswana_80189_990x742.jpg in Resources */ = {isa = PBXBuildFile; fileRef = 092B26581A4AD1C500302120 /* impala-wildlife-delta-botswana_80189_990x742.jpg */; };
		092B26751A4AD1C500302120 /* lion-kalahari-south-africa_82432_990x742.jpg in Resources */ = {isa = PBXBuildFile; fileRef = 092B26591A4AD1C500302120 /* lion-kalahari-south-africa_82432_990x742.jpg */; };
		092B26761A4AD1C500302120 /* lioness-mother-maasai-mara_83590_990x742.jpg in Resources */ = {isa = PBXBuildFile; fileRef = 092B265A1A4AD1C500302120 /* lioness-mother-maasai-mara_83590_990x742.jpg */; };
		092B26771A4AD1C500302120 /* mobula-rays-mexico-underwater_81117_990x742.jpg in Resources */ = {isa = PBXBuildFile; fileRef = 092B265B1A4AD1C500302120 /* mobula-rays-mexico-underwater_81117_990x742.jpg */; };
		092B26781A4AD1C500302120 /* monkey-water-phuket-thailand_80218_990x742.jpg in Resources */ = {isa = PBXBuildFile; fileRef = 092B265C1A4AD1C500302120 /* monkey-water-phuket-thailand_80218_990x742.jpg */; };
		092B26791A4AD1C500302120 /* napoleon-wrasse-coral_84739_990x742.jpg in Resources */ = {isa = PBXBuildFile; fileRef = 092B265D1A4AD1C500302120 /* napoleon-wrasse-coral_84739_990x742.jpg */; };
		092B267A1A4AD1C500302120 /* owl-stretching-reserve-kuwait_79192_990x742.jpg in Resources */ = {isa = PBXBuildFile; fileRef = 092B265E1A4AD1C500302120 /* owl-stretching-reserve-kuwait_79192_990x742.jpg */; };
		092B267B1A4AD1C500302120 /* polar-bear-rudolf-russia_82056_990x742.jpg in Resources */ = {isa = PBXBuildFile; fileRef = 092B265F1A4AD1C500302120 /* polar-bear-rudolf-russia_82056_990x742.jpg */; };
		092B267C1A4AD1C500302120 /* puffins-duel-skomer-green_79775_990x742.jpg in Resources */ = {isa = PBXBuildFile; fileRef = 092B26601A4AD1C500302120 /* puffins-duel-skomer-green_79775_990x742.jpg */; };
		092B267D1A4AD1C500302120 /* social-worker-ants-macro_86239_990x742.jpg in Resources */ = {isa = PBXBuildFile; fileRef = 092B26611A4AD1C500302120 /* social-worker-ants-macro_86239_990x742.jpg */; };
		092B267E1A4AD1C500302120 /* timberwolves-indiana-howl_76324_990x742.jpg in Resources */ = {isa = PBXBuildFile; fileRef = 092B26621A4AD1C500302120 /* timberwolves-indiana-howl_76324_990x742.jpg */; };
		092B26801A4AE26000302120 /* komodo-indonesia-untherthiner_75353_990x742.jpg in Resources */ = {isa = PBXBuildFile; fileRef = 092B267F1A4AE26000302120 /* komodo-indonesia-untherthiner_75353_990x742.jpg */; };
		0945268B1A4A85FF00849DFC /* AppDelegate.swift in Sources */ = {isa = PBXBuildFile; fileRef = 0945268A1A4A85FF00849DFC /* AppDelegate.swift */; };
		0945268D1A4A85FF00849DFC /* ViewController.swift in Sources */ = {isa = PBXBuildFile; fileRef = 0945268C1A4A85FF00849DFC /* ViewController.swift */; };
		094526901A4A85FF00849DFC /* Main.storyboard in Resources */ = {isa = PBXBuildFile; fileRef = 0945268E1A4A85FF00849DFC /* Main.storyboard */; };
		094526921A4A85FF00849DFC /* Images.xcassets in Resources */ = {isa = PBXBuildFile; fileRef = 094526911A4A85FF00849DFC /* Images.xcassets */; };
		094526951A4A85FF00849DFC /* LaunchScreen.xib in Resources */ = {isa = PBXBuildFile; fileRef = 094526931A4A85FF00849DFC /* LaunchScreen.xib */; };
		094526A11A4A85FF00849DFC /* ZLBalancedFlowLayoutDemoTests.swift in Sources */ = {isa = PBXBuildFile; fileRef = 094526A01A4A85FF00849DFC /* ZLBalancedFlowLayoutDemoTests.swift */; };
		094526E01A4AAF4500849DFC /* LabelCollectionReusableView.swift in Sources */ = {isa = PBXBuildFile; fileRef = 094526DF1A4AAF4500849DFC /* LabelCollectionReusableView.swift */; };
		096B17B41A56337F00D163EE /* SettingsViewController.swift in Sources */ = {isa = PBXBuildFile; fileRef = 096B17B31A56337F00D163EE /* SettingsViewController.swift */; };
/* End PBXBuildFile section */

/* Begin PBXContainerItemProxy section */
		0945269B1A4A85FF00849DFC /* PBXContainerItemProxy */ = {
			isa = PBXContainerItemProxy;
			containerPortal = 0945267D1A4A85FF00849DFC /* Project object */;
			proxyType = 1;
			remoteGlobalIDString = 094526841A4A85FF00849DFC;
			remoteInfo = ZLBalancedFlowLayoutDemo;
		};
/* End PBXContainerItemProxy section */

/* Begin PBXFileReference section */
		09093A661A72DEA800B46D8E /* ZLBalancedFlowLayout.swift */ = {isa = PBXFileReference; fileEncoding = 4; lastKnownFileType = sourcecode.swift; path = ZLBalancedFlowLayout.swift; sourceTree = "<group>"; };
		091033E91A4B6365000BB27C /* gray-langur-anand-india_86232_990x742.jpg */ = {isa = PBXFileReference; lastKnownFileType = image.jpeg; path = "gray-langur-anand-india_86232_990x742.jpg"; sourceTree = "<group>"; };
		091033EA1A4B6365000BB27C /* otter-running-united-kingdom_81118_990x742.jpg */ = {isa = PBXFileReference; lastKnownFileType = image.jpeg; path = "otter-running-united-kingdom_81118_990x742.jpg"; sourceTree = "<group>"; };
		092B26471A4AD1C500302120 /* american-crocodile-caribbean-sea_82044_990x742.jpg */ = {isa = PBXFileReference; lastKnownFileType = image.jpeg; path = "american-crocodile-caribbean-sea_82044_990x742.jpg"; sourceTree = "<group>"; };
		092B26481A4AD1C500302120 /* atlantic-walrus-greenland-nicklen_75331_990x742.jpg */ = {isa = PBXFileReference; lastKnownFileType = image.jpeg; path = "atlantic-walrus-greenland-nicklen_75331_990x742.jpg"; sourceTree = "<group>"; };
		092B26491A4AD1C500302120 /* bald-eagles-birds-talons_86760_990x742.jpg */ = {isa = PBXFileReference; lastKnownFileType = image.jpeg; path = "bald-eagles-birds-talons_86760_990x742.jpg"; sourceTree = "<group>"; };
		092B264A1A4AD1C500302120 /* bear-swimming-kamchatka-russia_82982_990x742.jpg */ = {isa = PBXFileReference; lastKnownFileType = image.jpeg; path = "bear-swimming-kamchatka-russia_82982_990x742.jpg"; sourceTree = "<group>"; };
		092B264B1A4AD1C500302120 /* brown-pelican-atlantic-musi_85704_990x742.jpg */ = {isa = PBXFileReference; lastKnownFileType = image.jpeg; path = "brown-pelican-atlantic-musi_85704_990x742.jpg"; sourceTree = "<group>"; };
		092B264C1A4AD1C500302120 /* camels-pushkar-fair-india_86225_990x742.jpg */ = {isa = PBXFileReference; lastKnownFileType = image.jpeg; path = "camels-pushkar-fair-india_86225_990x742.jpg"; sourceTree = "<group>"; };
		092B264D1A4AD1C500302120 /* cheetah-rest-south-africa_86226_990x742.jpg */ = {isa = PBXFileReference; lastKnownFileType = image.jpeg; path = "cheetah-rest-south-africa_86226_990x742.jpg"; sourceTree = "<group>"; };
		092B264E1A4AD1C500302120 /* coppery-headed-emerald-hummingbird_83584_990x742.jpg */ = {isa = PBXFileReference; lastKnownFileType = image.jpeg; path = "coppery-headed-emerald-hummingbird_83584_990x742.jpg"; sourceTree = "<group>"; };
		092B264F1A4AD1C500302120 /* deer-winter-snow-frost_82985_990x742.jpg */ = {isa = PBXFileReference; lastKnownFileType = image.jpeg; path = "deer-winter-snow-frost_82985_990x742.jpg"; sourceTree = "<group>"; };
		092B26501A4AD1C500302120 /* egret-fog-reflection_76312_990x742.jpg */ = {isa = PBXFileReference; lastKnownFileType = image.jpeg; path = "egret-fog-reflection_76312_990x742.jpg"; sourceTree = "<group>"; };
		092B26511A4AD1C500302120 /* fur-seal-dive-peschak_85948_990x742.jpg */ = {isa = PBXFileReference; lastKnownFileType = image.jpeg; path = "fur-seal-dive-peschak_85948_990x742.jpg"; sourceTree = "<group>"; };
		092B26531A4AD1C500302120 /* green-iguana-bonaire-caribbean_82430_990x742.jpg */ = {isa = PBXFileReference; lastKnownFileType = image.jpeg; path = "green-iguana-bonaire-caribbean_82430_990x742.jpg"; sourceTree = "<group>"; };
		092B26541A4AD1C500302120 /* green-turtle-tenerife_84734_990x742.jpg */ = {isa = PBXFileReference; lastKnownFileType = image.jpeg; path = "green-turtle-tenerife_84734_990x742.jpg"; sourceTree = "<group>"; };
		092B26551A4AD1C500302120 /* grizzly-bear-yukon-nicklen_75339_990x742.jpg */ = {isa = PBXFileReference; lastKnownFileType = image.jpeg; path = "grizzly-bear-yukon-nicklen_75339_990x742.jpg"; sourceTree = "<group>"; };
		092B26561A4AD1C500302120 /* gulls-mercury-island-namibia_85946_990x742.jpg */ = {isa = PBXFileReference; lastKnownFileType = image.jpeg; path = "gulls-mercury-island-namibia_85946_990x742.jpg"; sourceTree = "<group>"; };
		092B26571A4AD1C500302120 /* iceland-highlands-horses-stampede_86229_990x742.jpg */ = {isa = PBXFileReference; lastKnownFileType = image.jpeg; path = "iceland-highlands-horses-stampede_86229_990x742.jpg"; sourceTree = "<group>"; };
		092B26581A4AD1C500302120 /* impala-wildlife-delta-botswana_80189_990x742.jpg */ = {isa = PBXFileReference; lastKnownFileType = image.jpeg; path = "impala-wildlife-delta-botswana_80189_990x742.jpg"; sourceTree = "<group>"; };
		092B26591A4AD1C500302120 /* lion-kalahari-south-africa_82432_990x742.jpg */ = {isa = PBXFileReference; lastKnownFileType = image.jpeg; path = "lion-kalahari-south-africa_82432_990x742.jpg"; sourceTree = "<group>"; };
		092B265A1A4AD1C500302120 /* lioness-mother-maasai-mara_83590_990x742.jpg */ = {isa = PBXFileReference; lastKnownFileType = image.jpeg; path = "lioness-mother-maasai-mara_83590_990x742.jpg"; sourceTree = "<group>"; };
		092B265B1A4AD1C500302120 /* mobula-rays-mexico-underwater_81117_990x742.jpg */ = {isa = PBXFileReference; lastKnownFileType = image.jpeg; path = "mobula-rays-mexico-underwater_81117_990x742.jpg"; sourceTree = "<group>"; };
		092B265C1A4AD1C500302120 /* monkey-water-phuket-thailand_80218_990x742.jpg */ = {isa = PBXFileReference; lastKnownFileType = image.jpeg; path = "monkey-water-phuket-thailand_80218_990x742.jpg"; sourceTree = "<group>"; };
		092B265D1A4AD1C500302120 /* napoleon-wrasse-coral_84739_990x742.jpg */ = {isa = PBXFileReference; lastKnownFileType = image.jpeg; path = "napoleon-wrasse-coral_84739_990x742.jpg"; sourceTree = "<group>"; };
		092B265E1A4AD1C500302120 /* owl-stretching-reserve-kuwait_79192_990x742.jpg */ = {isa = PBXFileReference; lastKnownFileType = image.jpeg; path = "owl-stretching-reserve-kuwait_79192_990x742.jpg"; sourceTree = "<group>"; };
		092B265F1A4AD1C500302120 /* polar-bear-rudolf-russia_82056_990x742.jpg */ = {isa = PBXFileReference; lastKnownFileType = image.jpeg; path = "polar-bear-rudolf-russia_82056_990x742.jpg"; sourceTree = "<group>"; };
		092B26601A4AD1C500302120 /* puffins-duel-skomer-green_79775_990x742.jpg */ = {isa = PBXFileReference; lastKnownFileType = image.jpeg; path = "puffins-duel-skomer-green_79775_990x742.jpg"; sourceTree = "<group>"; };
		092B26611A4AD1C500302120 /* social-worker-ants-macro_86239_990x742.jpg */ = {isa = PBXFileReference; lastKnownFileType = image.jpeg; path = "social-worker-ants-macro_86239_990x742.jpg"; sourceTree = "<group>"; };
		092B26621A4AD1C500302120 /* timberwolves-indiana-howl_76324_990x742.jpg */ = {isa = PBXFileReference; lastKnownFileType = image.jpeg; path = "timberwolves-indiana-howl_76324_990x742.jpg"; sourceTree = "<group>"; };
		092B267F1A4AE26000302120 /* komodo-indonesia-untherthiner_75353_990x742.jpg */ = {isa = PBXFileReference; lastKnownFileType = image.jpeg; path = "komodo-indonesia-untherthiner_75353_990x742.jpg"; sourceTree = "<group>"; };
		094526851A4A85FF00849DFC /* ZLBalancedFlowLayoutDemo.app */ = {isa = PBXFileReference; explicitFileType = wrapper.application; includeInIndex = 0; path = ZLBalancedFlowLayoutDemo.app; sourceTree = BUILT_PRODUCTS_DIR; };
		094526891A4A85FF00849DFC /* Info.plist */ = {isa = PBXFileReference; lastKnownFileType = text.plist.xml; path = Info.plist; sourceTree = "<group>"; };
		0945268A1A4A85FF00849DFC /* AppDelegate.swift */ = {isa = PBXFileReference; lastKnownFileType = sourcecode.swift; path = AppDelegate.swift; sourceTree = "<group>"; };
		0945268C1A4A85FF00849DFC /* ViewController.swift */ = {isa = PBXFileReference; lastKnownFileType = sourcecode.swift; path = ViewController.swift; sourceTree = "<group>"; };
		0945268F1A4A85FF00849DFC /* Base */ = {isa = PBXFileReference; lastKnownFileType = file.storyboard; name = Base; path = Base.lproj/Main.storyboard; sourceTree = "<group>"; };
		094526911A4A85FF00849DFC /* Images.xcassets */ = {isa = PBXFileReference; lastKnownFileType = folder.assetcatalog; path = Images.xcassets; sourceTree = "<group>"; };
		094526941A4A85FF00849DFC /* Base */ = {isa = PBXFileReference; lastKnownFileType = file.xib; name = Base; path = Base.lproj/LaunchScreen.xib; sourceTree = "<group>"; };
		0945269A1A4A85FF00849DFC /* ZLBalancedFlowLayoutDemoTests.xctest */ = {isa = PBXFileReference; explicitFileType = wrapper.cfbundle; includeInIndex = 0; path = ZLBalancedFlowLayoutDemoTests.xctest; sourceTree = BUILT_PRODUCTS_DIR; };
		0945269F1A4A85FF00849DFC /* Info.plist */ = {isa = PBXFileReference; lastKnownFileType = text.plist.xml; path = Info.plist; sourceTree = "<group>"; };
		094526A01A4A85FF00849DFC /* ZLBalancedFlowLayoutDemoTests.swift */ = {isa = PBXFileReference; lastKnownFileType = sourcecode.swift; path = ZLBalancedFlowLayoutDemoTests.swift; sourceTree = "<group>"; };
		094526DF1A4AAF4500849DFC /* LabelCollectionReusableView.swift */ = {isa = PBXFileReference; fileEncoding = 4; lastKnownFileType = sourcecode.swift; path = LabelCollectionReusableView.swift; sourceTree = "<group>"; };
		096B17B31A56337F00D163EE /* SettingsViewController.swift */ = {isa = PBXFileReference; fileEncoding = 4; lastKnownFileType = sourcecode.swift; path = SettingsViewController.swift; sourceTree = "<group>"; };
/* End PBXFileReference section */

/* Begin PBXFrameworksBuildPhase section */
		094526821A4A85FF00849DFC /* Frameworks */ = {
			isa = PBXFrameworksBuildPhase;
			buildActionMask = 2147483647;
			files = (
			);
			runOnlyForDeploymentPostprocessing = 0;
		};
		094526971A4A85FF00849DFC /* Frameworks */ = {
			isa = PBXFrameworksBuildPhase;
			buildActionMask = 2147483647;
			files = (
			);
			runOnlyForDeploymentPostprocessing = 0;
		};
/* End PBXFrameworksBuildPhase section */

/* Begin PBXGroup section */
		09093A651A72DEA800B46D8E /* ZLBalancedFlowLayout */ = {
			isa = PBXGroup;
			children = (
				09093A661A72DEA800B46D8E /* ZLBalancedFlowLayout.swift */,
			);
			name = ZLBalancedFlowLayout;
			path = ../ZLBalancedFlowLayout;
			sourceTree = "<group>";
		};
		092B26461A4AD1C500302120 /* images */ = {
			isa = PBXGroup;
			children = (
				092B26471A4AD1C500302120 /* american-crocodile-caribbean-sea_82044_990x742.jpg */,
				092B26481A4AD1C500302120 /* atlantic-walrus-greenland-nicklen_75331_990x742.jpg */,
				092B26491A4AD1C500302120 /* bald-eagles-birds-talons_86760_990x742.jpg */,
				092B264A1A4AD1C500302120 /* bear-swimming-kamchatka-russia_82982_990x742.jpg */,
				092B264B1A4AD1C500302120 /* brown-pelican-atlantic-musi_85704_990x742.jpg */,
				092B264C1A4AD1C500302120 /* camels-pushkar-fair-india_86225_990x742.jpg */,
				092B264D1A4AD1C500302120 /* cheetah-rest-south-africa_86226_990x742.jpg */,
				092B264E1A4AD1C500302120 /* coppery-headed-emerald-hummingbird_83584_990x742.jpg */,
				092B264F1A4AD1C500302120 /* deer-winter-snow-frost_82985_990x742.jpg */,
				092B26501A4AD1C500302120 /* egret-fog-reflection_76312_990x742.jpg */,
				092B267F1A4AE26000302120 /* komodo-indonesia-untherthiner_75353_990x742.jpg */,
				092B26511A4AD1C500302120 /* fur-seal-dive-peschak_85948_990x742.jpg */,
				092B26531A4AD1C500302120 /* green-iguana-bonaire-caribbean_82430_990x742.jpg */,
				091033E91A4B6365000BB27C /* gray-langur-anand-india_86232_990x742.jpg */,
				091033EA1A4B6365000BB27C /* otter-running-united-kingdom_81118_990x742.jpg */,
				092B26541A4AD1C500302120 /* green-turtle-tenerife_84734_990x742.jpg */,
				092B26551A4AD1C500302120 /* grizzly-bear-yukon-nicklen_75339_990x742.jpg */,
				092B26561A4AD1C500302120 /* gulls-mercury-island-namibia_85946_990x742.jpg */,
				092B26571A4AD1C500302120 /* iceland-highlands-horses-stampede_86229_990x742.jpg */,
				092B26581A4AD1C500302120 /* impala-wildlife-delta-botswana_80189_990x742.jpg */,
				092B26591A4AD1C500302120 /* lion-kalahari-south-africa_82432_990x742.jpg */,
				092B265A1A4AD1C500302120 /* lioness-mother-maasai-mara_83590_990x742.jpg */,
				092B265B1A4AD1C500302120 /* mobula-rays-mexico-underwater_81117_990x742.jpg */,
				092B265C1A4AD1C500302120 /* monkey-water-phuket-thailand_80218_990x742.jpg */,
				092B265D1A4AD1C500302120 /* napoleon-wrasse-coral_84739_990x742.jpg */,
				092B265E1A4AD1C500302120 /* owl-stretching-reserve-kuwait_79192_990x742.jpg */,
				092B265F1A4AD1C500302120 /* polar-bear-rudolf-russia_82056_990x742.jpg */,
				092B26601A4AD1C500302120 /* puffins-duel-skomer-green_79775_990x742.jpg */,
				092B26611A4AD1C500302120 /* social-worker-ants-macro_86239_990x742.jpg */,
				092B26621A4AD1C500302120 /* timberwolves-indiana-howl_76324_990x742.jpg */,
			);
			path = images;
			sourceTree = "<group>";
		};
		0945267C1A4A85FF00849DFC = {
			isa = PBXGroup;
			children = (
				09093A651A72DEA800B46D8E /* ZLBalancedFlowLayout */,
				094526871A4A85FF00849DFC /* ZLBalancedFlowLayoutDemo */,
				0945269D1A4A85FF00849DFC /* ZLBalancedFlowLayoutDemoTests */,
				094526861A4A85FF00849DFC /* Products */,
			);
			sourceTree = "<group>";
		};
		094526861A4A85FF00849DFC /* Products */ = {
			isa = PBXGroup;
			children = (
				094526851A4A85FF00849DFC /* ZLBalancedFlowLayoutDemo.app */,
				0945269A1A4A85FF00849DFC /* ZLBalancedFlowLayoutDemoTests.xctest */,
			);
			name = Products;
			sourceTree = "<group>";
		};
		094526871A4A85FF00849DFC /* ZLBalancedFlowLayoutDemo */ = {
			isa = PBXGroup;
			children = (
				0945268A1A4A85FF00849DFC /* AppDelegate.swift */,
				0945268C1A4A85FF00849DFC /* ViewController.swift */,
				096B17B31A56337F00D163EE /* SettingsViewController.swift */,
				094526DF1A4AAF4500849DFC /* LabelCollectionReusableView.swift */,
				0945268E1A4A85FF00849DFC /* Main.storyboard */,
				094526911A4A85FF00849DFC /* Images.xcassets */,
				094526931A4A85FF00849DFC /* LaunchScreen.xib */,
				092B26461A4AD1C500302120 /* images */,
				094526881A4A85FF00849DFC /* Supporting Files */,
			);
			path = ZLBalancedFlowLayoutDemo;
			sourceTree = "<group>";
		};
		094526881A4A85FF00849DFC /* Supporting Files */ = {
			isa = PBXGroup;
			children = (
				094526891A4A85FF00849DFC /* Info.plist */,
			);
			name = "Supporting Files";
			sourceTree = "<group>";
		};
		0945269D1A4A85FF00849DFC /* ZLBalancedFlowLayoutDemoTests */ = {
			isa = PBXGroup;
			children = (
				094526A01A4A85FF00849DFC /* ZLBalancedFlowLayoutDemoTests.swift */,
				0945269E1A4A85FF00849DFC /* Supporting Files */,
			);
			path = ZLBalancedFlowLayoutDemoTests;
			sourceTree = "<group>";
		};
		0945269E1A4A85FF00849DFC /* Supporting Files */ = {
			isa = PBXGroup;
			children = (
				0945269F1A4A85FF00849DFC /* Info.plist */,
			);
			name = "Supporting Files";
			sourceTree = "<group>";
		};
/* End PBXGroup section */

/* Begin PBXNativeTarget section */
		094526841A4A85FF00849DFC /* ZLBalancedFlowLayoutDemo */ = {
			isa = PBXNativeTarget;
			buildConfigurationList = 094526A41A4A85FF00849DFC /* Build configuration list for PBXNativeTarget "ZLBalancedFlowLayoutDemo" */;
			buildPhases = (
				094526811A4A85FF00849DFC /* Sources */,
				094526821A4A85FF00849DFC /* Frameworks */,
				094526831A4A85FF00849DFC /* Resources */,
			);
			buildRules = (
			);
			dependencies = (
			);
			name = ZLBalancedFlowLayoutDemo;
			productName = ZLBalancedFlowLayoutDemo;
			productReference = 094526851A4A85FF00849DFC /* ZLBalancedFlowLayoutDemo.app */;
			productType = "com.apple.product-type.application";
		};
		094526991A4A85FF00849DFC /* ZLBalancedFlowLayoutDemoTests */ = {
			isa = PBXNativeTarget;
			buildConfigurationList = 094526A71A4A85FF00849DFC /* Build configuration list for PBXNativeTarget "ZLBalancedFlowLayoutDemoTests" */;
			buildPhases = (
				094526961A4A85FF00849DFC /* Sources */,
				094526971A4A85FF00849DFC /* Frameworks */,
				094526981A4A85FF00849DFC /* Resources */,
			);
			buildRules = (
			);
			dependencies = (
				0945269C1A4A85FF00849DFC /* PBXTargetDependency */,
			);
			name = ZLBalancedFlowLayoutDemoTests;
			productName = ZLBalancedFlowLayoutDemoTests;
			productReference = 0945269A1A4A85FF00849DFC /* ZLBalancedFlowLayoutDemoTests.xctest */;
			productType = "com.apple.product-type.bundle.unit-test";
		};
/* End PBXNativeTarget section */

/* Begin PBXProject section */
		0945267D1A4A85FF00849DFC /* Project object */ = {
			isa = PBXProject;
			attributes = {
				LastUpgradeCheck = 0610;
				ORGANIZATIONNAME = "Zhixuan Lai";
				TargetAttributes = {
					094526841A4A85FF00849DFC = {
						CreatedOnToolsVersion = 6.1.1;
					};
					094526991A4A85FF00849DFC = {
						CreatedOnToolsVersion = 6.1.1;
						TestTargetID = 094526841A4A85FF00849DFC;
					};
				};
			};
			buildConfigurationList = 094526801A4A85FF00849DFC /* Build configuration list for PBXProject "ZLBalancedFlowLayoutDemo" */;
			compatibilityVersion = "Xcode 3.2";
			developmentRegion = English;
			hasScannedForEncodings = 0;
			knownRegions = (
				en,
				Base,
			);
			mainGroup = 0945267C1A4A85FF00849DFC;
			productRefGroup = 094526861A4A85FF00849DFC /* Products */;
			projectDirPath = "";
			projectRoot = "";
			targets = (
				094526841A4A85FF00849DFC /* ZLBalancedFlowLayoutDemo */,
				094526991A4A85FF00849DFC /* ZLBalancedFlowLayoutDemoTests */,
			);
		};
/* End PBXProject section */

/* Begin PBXResourcesBuildPhase section */
		094526831A4A85FF00849DFC /* Resources */ = {
			isa = PBXResourcesBuildPhase;
			buildActionMask = 2147483647;
			files = (
				092B267E1A4AD1C500302120 /* timberwolves-indiana-howl_76324_990x742.jpg in Resources */,
				094526901A4A85FF00849DFC /* Main.storyboard in Resources */,
				092B266D1A4AD1C500302120 /* fur-seal-dive-peschak_85948_990x742.jpg in Resources */,
				092B26731A4AD1C500302120 /* iceland-highlands-horses-stampede_86229_990x742.jpg in Resources */,
				092B26691A4AD1C500302120 /* cheetah-rest-south-africa_86226_990x742.jpg in Resources */,
				092B26701A4AD1C500302120 /* green-turtle-tenerife_84734_990x742.jpg in Resources */,
				092B26741A4AD1C500302120 /* impala-wildlife-delta-botswana_80189_990x742.jpg in Resources */,
				092B26661A4AD1C500302120 /* bear-swimming-kamchatka-russia_82982_990x742.jpg in Resources */,
				092B266C1A4AD1C500302120 /* egret-fog-reflection_76312_990x742.jpg in Resources */,
				092B26671A4AD1C500302120 /* brown-pelican-atlantic-musi_85704_990x742.jpg in Resources */,
				092B267A1A4AD1C500302120 /* owl-stretching-reserve-kuwait_79192_990x742.jpg in Resources */,
				094526951A4A85FF00849DFC /* LaunchScreen.xib in Resources */,
				092B26711A4AD1C500302120 /* grizzly-bear-yukon-nicklen_75339_990x742.jpg in Resources */,
				092B267B1A4AD1C500302120 /* polar-bear-rudolf-russia_82056_990x742.jpg in Resources */,
				092B266B1A4AD1C500302120 /* deer-winter-snow-frost_82985_990x742.jpg in Resources */,
				092B266F1A4AD1C500302120 /* green-iguana-bonaire-caribbean_82430_990x742.jpg in Resources */,
				092B266A1A4AD1C500302120 /* coppery-headed-emerald-hummingbird_83584_990x742.jpg in Resources */,
				092B26781A4AD1C500302120 /* monkey-water-phuket-thailand_80218_990x742.jpg in Resources */,
				094526921A4A85FF00849DFC /* Images.xcassets in Resources */,
				092B26751A4AD1C500302120 /* lion-kalahari-south-africa_82432_990x742.jpg in Resources */,
				092B26791A4AD1C500302120 /* napoleon-wrasse-coral_84739_990x742.jpg in Resources */,
				092B26771A4AD1C500302120 /* mobula-rays-mexico-underwater_81117_990x742.jpg in Resources */,
				092B26801A4AE26000302120 /* komodo-indonesia-untherthiner_75353_990x742.jpg in Resources */,
				091033EB1A4B6365000BB27C /* gray-langur-anand-india_86232_990x742.jpg in Resources */,
				092B26761A4AD1C500302120 /* lioness-mother-maasai-mara_83590_990x742.jpg in Resources */,
				092B267C1A4AD1C500302120 /* puffins-duel-skomer-green_79775_990x742.jpg in Resources */,
				092B267D1A4AD1C500302120 /* social-worker-ants-macro_86239_990x742.jpg in Resources */,
				092B26681A4AD1C500302120 /* camels-pushkar-fair-india_86225_990x742.jpg in Resources */,
				092B26641A4AD1C500302120 /* atlantic-walrus-greenland-nicklen_75331_990x742.jpg in Resources */,
				092B26631A4AD1C500302120 /* american-crocodile-caribbean-sea_82044_990x742.jpg in Resources */,
				092B26651A4AD1C500302120 /* bald-eagles-birds-talons_86760_990x742.jpg in Resources */,
				092B26721A4AD1C500302120 /* gulls-mercury-island-namibia_85946_990x742.jpg in Resources */,
				091033EC1A4B6365000BB27C /* otter-running-united-kingdom_81118_990x742.jpg in Resources */,
			);
			runOnlyForDeploymentPostprocessing = 0;
		};
		094526981A4A85FF00849DFC /* Resources */ = {
			isa = PBXResourcesBuildPhase;
			buildActionMask = 2147483647;
			files = (
			);
			runOnlyForDeploymentPostprocessing = 0;
		};
/* End PBXResourcesBuildPhase section */

/* Begin PBXSourcesBuildPhase section */
		094526811A4A85FF00849DFC /* Sources */ = {
			isa = PBXSourcesBuildPhase;
			buildActionMask = 2147483647;
			files = (
				0945268D1A4A85FF00849DFC /* ViewController.swift in Sources */,
				09093A671A72DEA800B46D8E /* ZLBalancedFlowLayout.swift in Sources */,
				094526E01A4AAF4500849DFC /* LabelCollectionReusableView.swift in Sources */,
				0945268B1A4A85FF00849DFC /* AppDelegate.swift in Sources */,
				096B17B41A56337F00D163EE /* SettingsViewController.swift in Sources */,
			);
			runOnlyForDeploymentPostprocessing = 0;
		};
		094526961A4A85FF00849DFC /* Sources */ = {
			isa = PBXSourcesBuildPhase;
			buildActionMask = 2147483647;
			files = (
				094526A11A4A85FF00849DFC /* ZLBalancedFlowLayoutDemoTests.swift in Sources */,
			);
			runOnlyForDeploymentPostprocessing = 0;
		};
/* End PBXSourcesBuildPhase section */

/* Begin PBXTargetDependency section */
		0945269C1A4A85FF00849DFC /* PBXTargetDependency */ = {
			isa = PBXTargetDependency;
			target = 094526841A4A85FF00849DFC /* ZLBalancedFlowLayoutDemo */;
			targetProxy = 0945269B1A4A85FF00849DFC /* PBXContainerItemProxy */;
		};
/* End PBXTargetDependency section */

/* Begin PBXVariantGroup section */
		0945268E1A4A85FF00849DFC /* Main.storyboard */ = {
			isa = PBXVariantGroup;
			children = (
				0945268F1A4A85FF00849DFC /* Base */,
			);
			name = Main.storyboard;
			sourceTree = "<group>";
		};
		094526931A4A85FF00849DFC /* LaunchScreen.xib */ = {
			isa = PBXVariantGroup;
			children = (
				094526941A4A85FF00849DFC /* Base */,
			);
			name = LaunchScreen.xib;
			sourceTree = "<group>";
		};
/* End PBXVariantGroup section */

/* Begin XCBuildConfiguration section */
		094526A21A4A85FF00849DFC /* Debug */ = {
			isa = XCBuildConfiguration;
			buildSettings = {
				ALWAYS_SEARCH_USER_PATHS = NO;
				CLANG_CXX_LANGUAGE_STANDARD = "gnu++0x";
				CLANG_CXX_LIBRARY = "libc++";
				CLANG_ENABLE_MODULES = YES;
				CLANG_ENABLE_OBJC_ARC = YES;
				CLANG_WARN_BOOL_CONVERSION = YES;
				CLANG_WARN_CONSTANT_CONVERSION = YES;
				CLANG_WARN_DIRECT_OBJC_ISA_USAGE = YES_ERROR;
				CLANG_WARN_EMPTY_BODY = YES;
				CLANG_WARN_ENUM_CONVERSION = YES;
				CLANG_WARN_INT_CONVERSION = YES;
				CLANG_WARN_OBJC_ROOT_CLASS = YES_ERROR;
				CLANG_WARN_UNREACHABLE_CODE = YES;
				CLANG_WARN__DUPLICATE_METHOD_MATCH = YES;
				"CODE_SIGN_IDENTITY[sdk=iphoneos*]" = "iPhone Developer";
				COPY_PHASE_STRIP = NO;
				ENABLE_STRICT_OBJC_MSGSEND = YES;
				GCC_C_LANGUAGE_STANDARD = gnu99;
				GCC_DYNAMIC_NO_PIC = NO;
				GCC_OPTIMIZATION_LEVEL = 0;
				GCC_PREPROCESSOR_DEFINITIONS = (
					"DEBUG=1",
					"$(inherited)",
				);
				GCC_SYMBOLS_PRIVATE_EXTERN = NO;
				GCC_WARN_64_TO_32_BIT_CONVERSION = YES;
				GCC_WARN_ABOUT_RETURN_TYPE = YES_ERROR;
				GCC_WARN_UNDECLARED_SELECTOR = YES;
				GCC_WARN_UNINITIALIZED_AUTOS = YES_AGGRESSIVE;
				GCC_WARN_UNUSED_FUNCTION = YES;
				GCC_WARN_UNUSED_VARIABLE = YES;
				IPHONEOS_DEPLOYMENT_TARGET = 8.1;
				MTL_ENABLE_DEBUG_INFO = YES;
				ONLY_ACTIVE_ARCH = YES;
				SDKROOT = iphoneos;
				SWIFT_OPTIMIZATION_LEVEL = "-Onone";
			};
			name = Debug;
		};
		094526A31A4A85FF00849DFC /* Release */ = {
			isa = XCBuildConfiguration;
			buildSettings = {
				ALWAYS_SEARCH_USER_PATHS = NO;
				CLANG_CXX_LANGUAGE_STANDARD = "gnu++0x";
				CLANG_CXX_LIBRARY = "libc++";
				CLANG_ENABLE_MODULES = YES;
				CLANG_ENABLE_OBJC_ARC = YES;
				CLANG_WARN_BOOL_CONVERSION = YES;
				CLANG_WARN_CONSTANT_CONVERSION = YES;
				CLANG_WARN_DIRECT_OBJC_ISA_USAGE = YES_ERROR;
				CLANG_WARN_EMPTY_BODY = YES;
				CLANG_WARN_ENUM_CONVERSION = YES;
				CLANG_WARN_INT_CONVERSION = YES;
				CLANG_WARN_OBJC_ROOT_CLASS = YES_ERROR;
				CLANG_WARN_UNREACHABLE_CODE = YES;
				CLANG_WARN__DUPLICATE_METHOD_MATCH = YES;
				"CODE_SIGN_IDENTITY[sdk=iphoneos*]" = "iPhone Developer";
				COPY_PHASE_STRIP = YES;
				ENABLE_NS_ASSERTIONS = NO;
				ENABLE_STRICT_OBJC_MSGSEND = YES;
				GCC_C_LANGUAGE_STANDARD = gnu99;
				GCC_WARN_64_TO_32_BIT_CONVERSION = YES;
				GCC_WARN_ABOUT_RETURN_TYPE = YES_ERROR;
				GCC_WARN_UNDECLARED_SELECTOR = YES;
				GCC_WARN_UNINITIALIZED_AUTOS = YES_AGGRESSIVE;
				GCC_WARN_UNUSED_FUNCTION = YES;
				GCC_WARN_UNUSED_VARIABLE = YES;
				IPHONEOS_DEPLOYMENT_TARGET = 8.1;
				MTL_ENABLE_DEBUG_INFO = NO;
				SDKROOT = iphoneos;
				VALIDATE_PRODUCT = YES;
			};
			name = Release;
		};
		094526A51A4A85FF00849DFC /* Debug */ = {
			isa = XCBuildConfiguration;
			buildSettings = {
				ASSETCATALOG_COMPILER_APPICON_NAME = AppIcon;
				FRAMEWORK_SEARCH_PATHS = (
					"$(inherited)",
					"/Users/zhixuanlai/Developer/Github/ZLBalancedFlowLayout/ZLBalancedFlowLayout/build/Debug-iphoneos",
				);
				INFOPLIST_FILE = ZLBalancedFlowLayoutDemo/Info.plist;
				LD_RUNPATH_SEARCH_PATHS = "$(inherited) @executable_path/Frameworks";
				PRODUCT_NAME = "$(TARGET_NAME)";
			};
			name = Debug;
		};
		094526A61A4A85FF00849DFC /* Release */ = {
			isa = XCBuildConfiguration;
			buildSettings = {
				ASSETCATALOG_COMPILER_APPICON_NAME = AppIcon;
				FRAMEWORK_SEARCH_PATHS = (
					"$(inherited)",
					"/Users/zhixuanlai/Developer/Github/ZLBalancedFlowLayout/ZLBalancedFlowLayout/build/Debug-iphoneos",
				);
				INFOPLIST_FILE = ZLBalancedFlowLayoutDemo/Info.plist;
				LD_RUNPATH_SEARCH_PATHS = "$(inherited) @executable_path/Frameworks";
				PRODUCT_NAME = "$(TARGET_NAME)";
			};
			name = Release;
		};
		094526A81A4A85FF00849DFC /* Debug */ = {
			isa = XCBuildConfiguration;
			buildSettings = {
				BUNDLE_LOADER = "$(TEST_HOST)";
				FRAMEWORK_SEARCH_PATHS = (
					"$(SDKROOT)/Developer/Library/Frameworks",
					"$(inherited)",
				);
				GCC_PREPROCESSOR_DEFINITIONS = (
					"DEBUG=1",
					"$(inherited)",
				);
				INFOPLIST_FILE = ZLBalancedFlowLayoutDemoTests/Info.plist;
				LD_RUNPATH_SEARCH_PATHS = "$(inherited) @executable_path/Frameworks @loader_path/Frameworks";
				PRODUCT_NAME = "$(TARGET_NAME)";
				TEST_HOST = "$(BUILT_PRODUCTS_DIR)/ZLBalancedFlowLayoutDemo.app/ZLBalancedFlowLayoutDemo";
			};
			name = Debug;
		};
		094526A91A4A85FF00849DFC /* Release */ = {
			isa = XCBuildConfiguration;
			buildSettings = {
				BUNDLE_LOADER = "$(TEST_HOST)";
				FRAMEWORK_SEARCH_PATHS = (
					"$(SDKROOT)/Developer/Library/Frameworks",
					"$(inherited)",
				);
				INFOPLIST_FILE = ZLBalancedFlowLayoutDemoTests/Info.plist;
				LD_RUNPATH_SEARCH_PATHS = "$(inherited) @executable_path/Frameworks @loader_path/Frameworks";
				PRODUCT_NAME = "$(TARGET_NAME)";
				TEST_HOST = "$(BUILT_PRODUCTS_DIR)/ZLBalancedFlowLayoutDemo.app/ZLBalancedFlowLayoutDemo";
			};
			name = Release;
		};
/* End XCBuildConfiguration section */

/* Begin XCConfigurationList section */
		094526801A4A85FF00849DFC /* Build configuration list for PBXProject "ZLBalancedFlowLayoutDemo" */ = {
			isa = XCConfigurationList;
			buildConfigurations = (
				094526A21A4A85FF00849DFC /* Debug */,
				094526A31A4A85FF00849DFC /* Release */,
			);
			defaultConfigurationIsVisible = 0;
			defaultConfigurationName = Release;
		};
		094526A41A4A85FF00849DFC /* Build configuration list for PBXNativeTarget "ZLBalancedFlowLayoutDemo" */ = {
			isa = XCConfigurationList;
			buildConfigurations = (
				094526A51A4A85FF00849DFC /* Debug */,
				094526A61A4A85FF00849DFC /* Release */,
			);
			defaultConfigurationIsVisible = 0;
			defaultConfigurationName = Release;
		};
		094526A71A4A85FF00849DFC /* Build configuration list for PBXNativeTarget "ZLBalancedFlowLayoutDemoTests" */ = {
			isa = XCConfigurationList;
			buildConfigurations = (
				094526A81A4A85FF00849DFC /* Debug */,
				094526A91A4A85FF00849DFC /* Release */,
			);
			defaultConfigurationIsVisible = 0;
			defaultConfigurationName = Release;
		};
/* End XCConfigurationList section */
	};
	rootObject = 0945267D1A4A85FF00849DFC /* Project object */;
}
